
Microsoft Visual Studio Solution File, Format Version 12.00
# Visual Studio 15
VisualStudioVersion = 15.0.26124.0
MinimumVisualStudioVersion = 15.0.26124.0
Project("{FAE04EC0-301F-11D3-BF4B-00C04F79EFBC}") = "QuickBuy.Dominio", "QuickBuy.Dominio\QuickBuy.Dominio.csproj", "{7EA4EBB3-2EE9-4989-A902-2BD41A2B96F6}"
EndProject
Project("{FAE04EC0-301F-11D3-BF4B-00C04F79EFBC}") = "QuickBuy.Repositorio", "QuickBuy.Repositorio\QuickBuy.Repositorio.csproj", "{51C09B69-8D45-4DDC-B73D-306CFB653457}"
EndProject
Project("{FAE04EC0-301F-11D3-BF4B-00C04F79EFBC}") = "QuickBuy.Web", "QuickBuy.Web\QuickBuy.Web.csproj", "{127F2F9F-2397-464F-B8C8-08F387B8670D}"
EndProject
Global
	GlobalSection(SolutionConfigurationPlatforms) = preSolution
		Debug|Any CPU = Debug|Any CPU
		Debug|x64 = Debug|x64
		Debug|x86 = Debug|x86
		Release|Any CPU = Release|Any CPU
		Release|x64 = Release|x64
		Release|x86 = Release|x86
	EndGlobalSection
	GlobalSection(SolutionProperties) = preSolution
		HideSolutionNode = FALSE
	EndGlobalSection
	GlobalSection(ProjectConfigurationPlatforms) = postSolution
		{7EA4EBB3-2EE9-4989-A902-2BD41A2B96F6}.Debug|Any CPU.ActiveCfg = Debug|Any CPU
		{7EA4EBB3-2EE9-4989-A902-2BD41A2B96F6}.Debug|Any CPU.Build.0 = Debug|Any CPU
		{7EA4EBB3-2EE9-4989-A902-2BD41A2B96F6}.Debug|x64.ActiveCfg = Debug|Any CPU
		{7EA4EBB3-2EE9-4989-A902-2BD41A2B96F6}.Debug|x64.Build.0 = Debug|Any CPU
		{7EA4EBB3-2EE9-4989-A902-2BD41A2B96F6}.Debug|x86.ActiveCfg = Debug|Any CPU
		{7EA4EBB3-2EE9-4989-A902-2BD41A2B96F6}.Debug|x86.Build.0 = Debug|Any CPU
		{7EA4EBB3-2EE9-4989-A902-2BD41A2B96F6}.Release|Any CPU.ActiveCfg = Release|Any CPU
		{7EA4EBB3-2EE9-4989-A902-2BD41A2B96F6}.Release|Any CPU.Build.0 = Release|Any CPU
		{7EA4EBB3-2EE9-4989-A902-2BD41A2B96F6}.Release|x64.ActiveCfg = Release|Any CPU
		{7EA4EBB3-2EE9-4989-A902-2BD41A2B96F6}.Release|x64.Build.0 = Release|Any CPU
		{7EA4EBB3-2EE9-4989-A902-2BD41A2B96F6}.Release|x86.ActiveCfg = Release|Any CPU
		{7EA4EBB3-2EE9-4989-A902-2BD41A2B96F6}.Release|x86.Build.0 = Release|Any CPU
		{51C09B69-8D45-4DDC-B73D-306CFB653457}.Debug|Any CPU.ActiveCfg = Debug|Any CPU
		{51C09B69-8D45-4DDC-B73D-306CFB653457}.Debug|Any CPU.Build.0 = Debug|Any CPU
		{51C09B69-8D45-4DDC-B73D-306CFB653457}.Debug|x64.ActiveCfg = Debug|Any CPU
		{51C09B69-8D45-4DDC-B73D-306CFB653457}.Debug|x64.Build.0 = Debug|Any CPU
		{51C09B69-8D45-4DDC-B73D-306CFB653457}.Debug|x86.ActiveCfg = Debug|Any CPU
		{51C09B69-8D45-4DDC-B73D-306CFB653457}.Debug|x86.Build.0 = Debug|Any CPU
		{51C09B69-8D45-4DDC-B73D-306CFB653457}.Release|Any CPU.ActiveCfg = Release|Any CPU
		{51C09B69-8D45-4DDC-B73D-306CFB653457}.Release|Any CPU.Build.0 = Release|Any CPU
		{51C09B69-8D45-4DDC-B73D-306CFB653457}.Release|x64.ActiveCfg = Release|Any CPU
		{51C09B69-8D45-4DDC-B73D-306CFB653457}.Release|x64.Build.0 = Release|Any CPU
		{51C09B69-8D45-4DDC-B73D-306CFB653457}.Release|x86.ActiveCfg = Release|Any CPU
		{51C09B69-8D45-4DDC-B73D-306CFB653457}.Release|x86.Build.0 = Release|Any CPU
		{127F2F9F-2397-464F-B8C8-08F387B8670D}.Debug|Any CPU.ActiveCfg = Debug|Any CPU
		{127F2F9F-2397-464F-B8C8-08F387B8670D}.Debug|Any CPU.Build.0 = Debug|Any CPU
		{127F2F9F-2397-464F-B8C8-08F387B8670D}.Debug|x64.ActiveCfg = Debug|Any CPU
		{127F2F9F-2397-464F-B8C8-08F387B8670D}.Debug|x64.Build.0 = Debug|Any CPU
		{127F2F9F-2397-464F-B8C8-08F387B8670D}.Debug|x86.ActiveCfg = Debug|Any CPU
		{127F2F9F-2397-464F-B8C8-08F387B8670D}.Debug|x86.Build.0 = Debug|Any CPU
		{127F2F9F-2397-464F-B8C8-08F387B8670D}.Release|Any CPU.ActiveCfg = Release|Any CPU
		{127F2F9F-2397-464F-B8C8-08F387B8670D}.Release|Any CPU.Build.0 = Release|Any CPU
		{127F2F9F-2397-464F-B8C8-08F387B8670D}.Release|x64.ActiveCfg = Release|Any CPU
		{127F2F9F-2397-464F-B8C8-08F387B8670D}.Release|x64.Build.0 = Release|Any CPU
		{127F2F9F-2397-464F-B8C8-08F387B8670D}.Release|x86.ActiveCfg = Release|Any CPU
		{127F2F9F-2397-464F-B8C8-08F387B8670D}.Release|x86.Build.0 = Release|Any CPU
	EndGlobalSection
EndGlobal
